
Microsoft Visual Studio Solution File, Format Version 12.00
# Visual Studio Version 16
VisualStudioVersion = 16.0.32106.194
MinimumVisualStudioVersion = 10.0.40219.1
Project("{FAE04EC0-301F-11D3-BF4B-00C04F79EFBC}") = "Hotel Reservation System", "Hotel Reservation System\Hotel Reservation System.csproj", "{210B6C40-EB6D-4CBA-BBD9-CE99568E00E4}"
EndProject
Global
	GlobalSection(SolutionConfigurationPlatforms) = preSolution
		Debug|Any CPU = Debug|Any CPU
		Release|Any CPU = Release|Any CPU
	EndGlobalSection
	GlobalSection(ProjectConfigurationPlatforms) = postSolution
		{210B6C40-EB6D-4CBA-BBD9-CE99568E00E4}.Debug|Any CPU.ActiveCfg = Debug|Any CPU
		{210B6C40-EB6D-4CBA-BBD9-CE99568E00E4}.Debug|Any CPU.Build.0 = Debug|Any CPU
		{210B6C40-EB6D-4CBA-BBD9-CE99568E00E4}.Release|Any CPU.ActiveCfg = Release|Any CPU
		{210B6C40-EB6D-4CBA-BBD9-CE99568E00E4}.Release|Any CPU.Build.0 = Release|Any CPU
	EndGlobalSection
	GlobalSection(SolutionProperties) = preSolution
		HideSolutionNode = FALSE
	EndGlobalSection
	GlobalSection(ExtensibilityGlobals) = postSolution
		SolutionGuid = {33BA6F24-0552-4B12-82E7-937686596EFD}
	EndGlobalSection
EndGlobal
